
Microsoft Visual Studio Solution File, Format Version 12.00
# Visual Studio Version 17
VisualStudioVersion = 17.8.34309.116
MinimumVisualStudioVersion = 10.0.40219.1
Project("{778DAE3C-4631-46EA-AA77-85C1314464D9}") = "matrixprog", "matrixprog\matrixprog.vbproj", "{4B4E2907-28AA-45F4-BB8C-01A8F46D1453}"
EndProject
Project("{54435603-DBB4-11D2-8724-00A0C9A8B90C}") = "Setup1", "..\..\..\Desktop\Новая папка\Setup1.vdproj", "{6911092B-25F3-4C88-ABB4-46509B5C194D}"
EndProject
Global
	GlobalSection(SolutionConfigurationPlatforms) = preSolution
		Debug|Any CPU = Debug|Any CPU
		Release|Any CPU = Release|Any CPU
	EndGlobalSection
	GlobalSection(ProjectConfigurationPlatforms) = postSolution
		{4B4E2907-28AA-45F4-BB8C-01A8F46D1453}.Debug|Any CPU.ActiveCfg = Debug|Any CPU
		{4B4E2907-28AA-45F4-BB8C-01A8F46D1453}.Debug|Any CPU.Build.0 = Debug|Any CPU
		{4B4E2907-28AA-45F4-BB8C-01A8F46D1453}.Release|Any CPU.ActiveCfg = Release|Any CPU
		{4B4E2907-28AA-45F4-BB8C-01A8F46D1453}.Release|Any CPU.Build.0 = Release|Any CPU
		{6911092B-25F3-4C88-ABB4-46509B5C194D}.Debug|Any CPU.ActiveCfg = Debug
		{6911092B-25F3-4C88-ABB4-46509B5C194D}.Release|Any CPU.ActiveCfg = Release
	EndGlobalSection
	GlobalSection(SolutionProperties) = preSolution
		HideSolutionNode = FALSE
	EndGlobalSection
	GlobalSection(ExtensibilityGlobals) = postSolution
		SolutionGuid = {1FE0A7AD-19BE-4FF5-9E49-D2BA35F633AE}
	EndGlobalSection
EndGlobal
